// !$*UTF8*$!
{
	archiveVersion = 1;
	classes = {
	};
	objectVersion = 55;
	objects = {

/* Begin PBXBuildFile section */
		694F86F027F3C84E00B1A382 /* Tests_iOS.swift in Sources */ = {isa = PBXBuildFile; fileRef = 694F86EF27F3C84E00B1A382 /* Tests_iOS.swift */; };
		694F86F227F3C84E00B1A382 /* Tests_iOSLaunchTests.swift in Sources */ = {isa = PBXBuildFile; fileRef = 694F86F127F3C84E00B1A382 /* Tests_iOSLaunchTests.swift */; };
		694F86FC27F3C84E00B1A382 /* Tests_macOS.swift in Sources */ = {isa = PBXBuildFile; fileRef = 694F86FB27F3C84E00B1A382 /* Tests_macOS.swift */; };
		694F86FE27F3C84E00B1A382 /* Tests_macOSLaunchTests.swift in Sources */ = {isa = PBXBuildFile; fileRef = 694F86FD27F3C84E00B1A382 /* Tests_macOSLaunchTests.swift */; };
		694F86FF27F3C84E00B1A382 /* SampleAppApp.swift in Sources */ = {isa = PBXBuildFile; fileRef = 694F86D727F3C84D00B1A382 /* SampleAppApp.swift */; };
		694F870027F3C84E00B1A382 /* SampleAppApp.swift in Sources */ = {isa = PBXBuildFile; fileRef = 694F86D727F3C84D00B1A382 /* SampleAppApp.swift */; };
		694F870127F3C84E00B1A382 /* ContentView.swift in Sources */ = {isa = PBXBuildFile; fileRef = 694F86D827F3C84D00B1A382 /* ContentView.swift */; };
		694F870227F3C84E00B1A382 /* ContentView.swift in Sources */ = {isa = PBXBuildFile; fileRef = 694F86D827F3C84D00B1A382 /* ContentView.swift */; };
		694F870327F3C84E00B1A382 /* Assets.xcassets in Resources */ = {isa = PBXBuildFile; fileRef = 694F86D927F3C84E00B1A382 /* Assets.xcassets */; };
		694F870427F3C84E00B1A382 /* Assets.xcassets in Resources */ = {isa = PBXBuildFile; fileRef = 694F86D927F3C84E00B1A382 /* Assets.xcassets */; };
/* End PBXBuildFile section */

/* Begin PBXContainerItemProxy section */
		694F86EC27F3C84E00B1A382 /* PBXContainerItemProxy */ = {
			isa = PBXContainerItemProxy;
			containerPortal = 694F86D227F3C84D00B1A382 /* Project object */;
			proxyType = 1;
			remoteGlobalIDString = 694F86DD27F3C84E00B1A382;
			remoteInfo = "SampleApp (iOS)";
		};
		694F86F827F3C84E00B1A382 /* PBXContainerItemProxy */ = {
			isa = PBXContainerItemProxy;
			containerPortal = 694F86D227F3C84D00B1A382 /* Project object */;
			proxyType = 1;
			remoteGlobalIDString = 694F86E327F3C84E00B1A382;
			remoteInfo = "SampleApp (macOS)";
		};
/* End PBXContainerItemProxy section */

/* Begin PBXFileReference section */
		694F86D727F3C84D00B1A382 /* SampleAppApp.swift */ = {isa = PBXFileReference; lastKnownFileType = sourcecode.swift; path = SampleAppApp.swift; sourceTree = "<group>"; };
		694F86D827F3C84D00B1A382 /* ContentView.swift */ = {isa = PBXFileReference; lastKnownFileType = sourcecode.swift; path = ContentView.swift; sourceTree = "<group>"; };
		694F86D927F3C84E00B1A382 /* Assets.xcassets */ = {isa = PBXFileReference; lastKnownFileType = folder.assetcatalog; path = Assets.xcassets; sourceTree = "<group>"; };
		694F86DE27F3C84E00B1A382 /* SampleApp.app */ = {isa = PBXFileReference; explicitFileType = wrapper.application; includeInIndex = 0; path = SampleApp.app; sourceTree = BUILT_PRODUCTS_DIR; };
		694F86E427F3C84E00B1A382 /* SampleApp.app */ = {isa = PBXFileReference; explicitFileType = wrapper.application; includeInIndex = 0; path = SampleApp.app; sourceTree = BUILT_PRODUCTS_DIR; };
		694F86E627F3C84E00B1A382 /* macOS.entitlements */ = {isa = PBXFileReference; lastKnownFileType = text.plist.entitlements; path = macOS.entitlements; sourceTree = "<group>"; };
		694F86EB27F3C84E00B1A382 /* Tests iOS.xctest */ = {isa = PBXFileReference; explicitFileType = wrapper.cfbundle; includeInIndex = 0; path = "Tests iOS.xctest"; sourceTree = BUILT_PRODUCTS_DIR; };
		694F86EF27F3C84E00B1A382 /* Tests_iOS.swift */ = {isa = PBXFileReference; lastKnownFileType = sourcecode.swift; path = Tests_iOS.swift; sourceTree = "<group>"; };
		694F86F127F3C84E00B1A382 /* Tests_iOSLaunchTests.swift */ = {isa = PBXFileReference; lastKnownFileType = sourcecode.swift; path = Tests_iOSLaunchTests.swift; sourceTree = "<group>"; };
		694F86F727F3C84E00B1A382 /* Tests macOS.xctest */ = {isa = PBXFileReference; explicitFileType = wrapper.cfbundle; includeInIndex = 0; path = "Tests macOS.xctest"; sourceTree = BUILT_PRODUCTS_DIR; };
		694F86FB27F3C84E00B1A382 /* Tests_macOS.swift */ = {isa = PBXFileReference; lastKnownFileType = sourcecode.swift; path = Tests_macOS.swift; sourceTree = "<group>"; };
		694F86FD27F3C84E00B1A382 /* Tests_macOSLaunchTests.swift */ = {isa = PBXFileReference; lastKnownFileType = sourcecode.swift; path = Tests_macOSLaunchTests.swift; sourceTree = "<group>"; };
/* End PBXFileReference section */

/* Begin PBXFrameworksBuildPhase section */
		694F86DB27F3C84E00B1A382 /* Frameworks */ = {
			isa = PBXFrameworksBuildPhase;
			buildActionMask = 2147483647;
			files = (
			);
			runOnlyForDeploymentPostprocessing = 0;
		};
		694F86E127F3C84E00B1A382 /* Frameworks */ = {
			isa = PBXFrameworksBuildPhase;
			buildActionMask = 2147483647;
			files = (
			);
			runOnlyForDeploymentPostprocessing = 0;
		};
		694F86E827F3C84E00B1A382 /* Frameworks */ = {
			isa = PBXFrameworksBuildPhase;
			buildActionMask = 2147483647;
			files = (
			);
			runOnlyForDeploymentPostprocessing = 0;
		};
		694F86F427F3C84E00B1A382 /* Frameworks */ = {
			isa = PBXFrameworksBuildPhase;
			buildActionMask = 2147483647;
			files = (
			);
			runOnlyForDeploymentPostprocessing = 0;
		};
/* End PBXFrameworksBuildPhase section */

/* Begin PBXGroup section */
		694F86D127F3C84D00B1A382 = {
			isa = PBXGroup;
			children = (
				694F86D627F3C84D00B1A382 /* Shared */,
				694F86E527F3C84E00B1A382 /* macOS */,
				694F86EE27F3C84E00B1A382 /* Tests iOS */,
				694F86FA27F3C84E00B1A382 /* Tests macOS */,
				694F86DF27F3C84E00B1A382 /* Products */,
			);
			sourceTree = "<group>";
		};
		694F86D627F3C84D00B1A382 /* Shared */ = {
			isa = PBXGroup;
			children = (
				694F86D727F3C84D00B1A382 /* SampleAppApp.swift */,
				694F86D827F3C84D00B1A382 /* ContentView.swift */,
				694F86D927F3C84E00B1A382 /* Assets.xcassets */,
			);
			path = Shared;
			sourceTree = "<group>";
		};
		694F86DF27F3C84E00B1A382 /* Products */ = {
			isa = PBXGroup;
			children = (
				694F86DE27F3C84E00B1A382 /* SampleApp.app */,
				694F86E427F3C84E00B1A382 /* SampleApp.app */,
				694F86EB27F3C84E00B1A382 /* Tests iOS.xctest */,
				694F86F727F3C84E00B1A382 /* Tests macOS.xctest */,
			);
			name = Products;
			sourceTree = "<group>";
		};
		694F86E527F3C84E00B1A382 /* macOS */ = {
			isa = PBXGroup;
			children = (
				694F86E627F3C84E00B1A382 /* macOS.entitlements */,
			);
			path = macOS;
			sourceTree = "<group>";
		};
		694F86EE27F3C84E00B1A382 /* Tests iOS */ = {
			isa = PBXGroup;
			children = (
				694F86EF27F3C84E00B1A382 /* Tests_iOS.swift */,
				694F86F127F3C84E00B1A382 /* Tests_iOSLaunchTests.swift */,
			);
			path = "Tests iOS";
			sourceTree = "<group>";
		};
		694F86FA27F3C84E00B1A382 /* Tests macOS */ = {
			isa = PBXGroup;
			children = (
				694F86FB27F3C84E00B1A382 /* Tests_macOS.swift */,
				694F86FD27F3C84E00B1A382 /* Tests_macOSLaunchTests.swift */,
			);
			path = "Tests macOS";
			sourceTree = "<group>";
		};
/* End PBXGroup section */

/* Begin PBXNativeTarget section */
		694F86DD27F3C84E00B1A382 /* SampleApp (iOS) */ = {
			isa = PBXNativeTarget;
			buildConfigurationList = 694F870727F3C84E00B1A382 /* Build configuration list for PBXNativeTarget "SampleApp (iOS)" */;
			buildPhases = (
				694F86DA27F3C84E00B1A382 /* Sources */,
				694F86DB27F3C84E00B1A382 /* Frameworks */,
				694F86DC27F3C84E00B1A382 /* Resources */,
			);
			buildRules = (
			);
			dependencies = (
			);
			name = "SampleApp (iOS)";
			productName = "SampleApp (iOS)";
			productReference = 694F86DE27F3C84E00B1A382 /* SampleApp.app */;
			productType = "com.apple.product-type.application";
		};
		694F86E327F3C84E00B1A382 /* SampleApp (macOS) */ = {
			isa = PBXNativeTarget;
			buildConfigurationList = 694F870A27F3C84E00B1A382 /* Build configuration list for PBXNativeTarget "SampleApp (macOS)" */;
			buildPhases = (
				694F86E027F3C84E00B1A382 /* Sources */,
				694F86E127F3C84E00B1A382 /* Frameworks */,
				694F86E227F3C84E00B1A382 /* Resources */,
			);
			buildRules = (
			);
			dependencies = (
			);
			name = "SampleApp (macOS)";
			productName = "SampleApp (macOS)";
			productReference = 694F86E427F3C84E00B1A382 /* SampleApp.app */;
			productType = "com.apple.product-type.application";
		};
		694F86EA27F3C84E00B1A382 /* Tests iOS */ = {
			isa = PBXNativeTarget;
			buildConfigurationList = 694F870D27F3C84E00B1A382 /* Build configuration list for PBXNativeTarget "Tests iOS" */;
			buildPhases = (
				694F86E727F3C84E00B1A382 /* Sources */,
				694F86E827F3C84E00B1A382 /* Frameworks */,
				694F86E927F3C84E00B1A382 /* Resources */,
			);
			buildRules = (
			);
			dependencies = (
				694F86ED27F3C84E00B1A382 /* PBXTargetDependency */,
			);
			name = "Tests iOS";
			productName = "Tests iOS";
			productReference = 694F86EB27F3C84E00B1A382 /* Tests iOS.xctest */;
			productType = "com.apple.product-type.bundle.ui-testing";
		};
		694F86F627F3C84E00B1A382 /* Tests macOS */ = {
			isa = PBXNativeTarget;
			buildConfigurationList = 694F871027F3C84E00B1A382 /* Build configuration list for PBXNativeTarget "Tests macOS" */;
			buildPhases = (
				694F86F327F3C84E00B1A382 /* Sources */,
				694F86F427F3C84E00B1A382 /* Frameworks */,
				694F86F527F3C84E00B1A382 /* Resources */,
			);
			buildRules = (
			);
			dependencies = (
				694F86F927F3C84E00B1A382 /* PBXTargetDependency */,
			);
			name = "Tests macOS";
			productName = "Tests macOS";
			productReference = 694F86F727F3C84E00B1A382 /* Tests macOS.xctest */;
			productType = "com.apple.product-type.bundle.ui-testing";
		};
/* End PBXNativeTarget section */

/* Begin PBXProject section */
		694F86D227F3C84D00B1A382 /* Project object */ = {
			isa = PBXProject;
			attributes = {
				BuildIndependentTargetsInParallel = 1;
				LastSwiftUpdateCheck = 1330;
				LastUpgradeCheck = 1330;
				TargetAttributes = {
					694F86DD27F3C84E00B1A382 = {
						CreatedOnToolsVersion = 13.3;
					};
					694F86E327F3C84E00B1A382 = {
						CreatedOnToolsVersion = 13.3;
					};
					694F86EA27F3C84E00B1A382 = {
						CreatedOnToolsVersion = 13.3;
						TestTargetID = 694F86DD27F3C84E00B1A382;
					};
					694F86F627F3C84E00B1A382 = {
						CreatedOnToolsVersion = 13.3;
						TestTargetID = 694F86E327F3C84E00B1A382;
					};
				};
			};
			buildConfigurationList = 694F86D527F3C84D00B1A382 /* Build configuration list for PBXProject "SampleApp" */;
			compatibilityVersion = "Xcode 13.0";
			developmentRegion = en;
			hasScannedForEncodings = 0;
			knownRegions = (
				en,
				Base,
			);
			mainGroup = 694F86D127F3C84D00B1A382;
			productRefGroup = 694F86DF27F3C84E00B1A382 /* Products */;
			projectDirPath = "";
			projectRoot = "";
			targets = (
				694F86DD27F3C84E00B1A382 /* SampleApp (iOS) */,
				694F86E327F3C84E00B1A382 /* SampleApp (macOS) */,
				694F86EA27F3C84E00B1A382 /* Tests iOS */,
				694F86F627F3C84E00B1A382 /* Tests macOS */,
			);
		};
/* End PBXProject section */

/* Begin PBXResourcesBuildPhase section */
		694F86DC27F3C84E00B1A382 /* Resources */ = {
			isa = PBXResourcesBuildPhase;
			buildActionMask = 2147483647;
			files = (
				694F870327F3C84E00B1A382 /* Assets.xcassets in Resources */,
			);
			runOnlyForDeploymentPostprocessing = 0;
		};
		694F86E227F3C84E00B1A382 /* Resources */ = {
			isa = PBXResourcesBuildPhase;
			buildActionMask = 2147483647;
			files = (
				694F870427F3C84E00B1A382 /* Assets.xcassets in Resources */,
			);
			runOnlyForDeploymentPostprocessing = 0;
		};
		694F86E927F3C84E00B1A382 /* Resources */ = {
			isa = PBXResourcesBuildPhase;
			buildActionMask = 2147483647;
			files = (
			);
			runOnlyForDeploymentPostprocessing = 0;
		};
		694F86F527F3C84E00B1A382 /* Resources */ = {
			isa = PBXResourcesBuildPhase;
			buildActionMask = 2147483647;
			files = (
			);
			runOnlyForDeploymentPostprocessing = 0;
		};
/* End PBXResourcesBuildPhase section */

/* Begin PBXSourcesBuildPhase section */
		694F86DA27F3C84E00B1A382 /* Sources */ = {
			isa = PBXSourcesBuildPhase;
			buildActionMask = 2147483647;
			files = (
				694F870127F3C84E00B1A382 /* ContentView.swift in Sources */,
				694F86FF27F3C84E00B1A382 /* SampleAppApp.swift in Sources */,
			);
			runOnlyForDeploymentPostprocessing = 0;
		};
		694F86E027F3C84E00B1A382 /* Sources */ = {
			isa = PBXSourcesBuildPhase;
			buildActionMask = 2147483647;
			files = (
				694F870227F3C84E00B1A382 /* ContentView.swift in Sources */,
				694F870027F3C84E00B1A382 /* SampleAppApp.swift in Sources */,
			);
			runOnlyForDeploymentPostprocessing = 0;
		};
		694F86E727F3C84E00B1A382 /* Sources */ = {
			isa = PBXSourcesBuildPhase;
			buildActionMask = 2147483647;
			files = (
				694F86F227F3C84E00B1A382 /* Tests_iOSLaunchTests.swift in Sources */,
				694F86F027F3C84E00B1A382 /* Tests_iOS.swift in Sources */,
			);
			runOnlyForDeploymentPostprocessing = 0;
		};
		694F86F327F3C84E00B1A382 /* Sources */ = {
			isa = PBXSourcesBuildPhase;
			buildActionMask = 2147483647;
			files = (
				694F86FE27F3C84E00B1A382 /* Tests_macOSLaunchTests.swift in Sources */,
				694F86FC27F3C84E00B1A382 /* Tests_macOS.swift in Sources */,
			);
			runOnlyForDeploymentPostprocessing = 0;
		};
/* End PBXSourcesBuildPhase section */

/* Begin PBXTargetDependency section */
		694F86ED27F3C84E00B1A382 /* PBXTargetDependency */ = {
			isa = PBXTargetDependency;
			target = 694F86DD27F3C84E00B1A382 /* SampleApp (iOS) */;
			targetProxy = 694F86EC27F3C84E00B1A382 /* PBXContainerItemProxy */;
		};
		694F86F927F3C84E00B1A382 /* PBXTargetDependency */ = {
			isa = PBXTargetDependency;
			target = 694F86E327F3C84E00B1A382 /* SampleApp (macOS) */;
			targetProxy = 694F86F827F3C84E00B1A382 /* PBXContainerItemProxy */;
		};
/* End PBXTargetDependency section */

/* Begin XCBuildConfiguration section */
		694F870527F3C84E00B1A382 /* Debug */ = {
			isa = XCBuildConfiguration;
			buildSettings = {
				ALWAYS_SEARCH_USER_PATHS = NO;
				CLANG_ANALYZER_NONNULL = YES;
				CLANG_ANALYZER_NUMBER_OBJECT_CONVERSION = YES_AGGRESSIVE;
				CLANG_CXX_LANGUAGE_STANDARD = "gnu++17";
				CLANG_ENABLE_MODULES = YES;
				CLANG_ENABLE_OBJC_ARC = YES;
				CLANG_ENABLE_OBJC_WEAK = YES;
				CLANG_WARN_BLOCK_CAPTURE_AUTORELEASING = YES;
				CLANG_WARN_BOOL_CONVERSION = YES;
				CLANG_WARN_COMMA = YES;
				CLANG_WARN_CONSTANT_CONVERSION = YES;
				CLANG_WARN_DEPRECATED_OBJC_IMPLEMENTATIONS = YES;
				CLANG_WARN_DIRECT_OBJC_ISA_USAGE = YES_ERROR;
				CLANG_WARN_DOCUMENTATION_COMMENTS = YES;
				CLANG_WARN_EMPTY_BODY = YES;
				CLANG_WARN_ENUM_CONVERSION = YES;
				CLANG_WARN_INFINITE_RECURSION = YES;
				CLANG_WARN_INT_CONVERSION = YES;
				CLANG_WARN_NON_LITERAL_NULL_CONVERSION = YES;
				CLANG_WARN_OBJC_IMPLICIT_RETAIN_SELF = YES;
				CLANG_WARN_OBJC_LITERAL_CONVERSION = YES;
				CLANG_WARN_OBJC_ROOT_CLASS = YES_ERROR;
				CLANG_WARN_QUOTED_INCLUDE_IN_FRAMEWORK_HEADER = YES;
				CLANG_WARN_RANGE_LOOP_ANALYSIS = YES;
				CLANG_WARN_STRICT_PROTOTYPES = YES;
				CLANG_WARN_SUSPICIOUS_MOVE = YES;
				CLANG_WARN_UNGUARDED_AVAILABILITY = YES_AGGRESSIVE;
				CLANG_WARN_UNREACHABLE_CODE = YES;
				CLANG_WARN__DUPLICATE_METHOD_MATCH = YES;
				COPY_PHASE_STRIP = NO;
				DEBUG_INFORMATION_FORMAT = dwarf;
				ENABLE_STRICT_OBJC_MSGSEND = YES;
				ENABLE_TESTABILITY = YES;
				GCC_C_LANGUAGE_STANDARD = gnu11;
				GCC_DYNAMIC_NO_PIC = NO;
				GCC_NO_COMMON_BLOCKS = YES;
				GCC_OPTIMIZATION_LEVEL = 0;
				GCC_PREPROCESSOR_DEFINITIONS = (
					"DEBUG=1",
					"$(inherited)",
				);
				GCC_WARN_64_TO_32_BIT_CONVERSION = YES;
				GCC_WARN_ABOUT_RETURN_TYPE = YES_ERROR;
				GCC_WARN_UNDECLARED_SELECTOR = YES;
				GCC_WARN_UNINITIALIZED_AUTOS = YES_AGGRESSIVE;
				GCC_WARN_UNUSED_FUNCTION = YES;
				GCC_WARN_UNUSED_VARIABLE = YES;
				MTL_ENABLE_DEBUG_INFO = INCLUDE_SOURCE;
				MTL_FAST_MATH = YES;
				ONLY_ACTIVE_ARCH = YES;
				SWIFT_ACTIVE_COMPILATION_CONDITIONS = DEBUG;
				SWIFT_OPTIMIZATION_LEVEL = "-Onone";
			};
			name = Debug;
		};
		694F870627F3C84E00B1A382 /* Release */ = {
			isa = XCBuildConfiguration;
			buildSettings = {
				ALWAYS_SEARCH_USER_PATHS = NO;
				CLANG_ANALYZER_NONNULL = YES;
				CLANG_ANALYZER_NUMBER_OBJECT_CONVERSION = YES_AGGRESSIVE;
				CLANG_CXX_LANGUAGE_STANDARD = "gnu++17";
				CLANG_ENABLE_MODULES = YES;
				CLANG_ENABLE_OBJC_ARC = YES;
				CLANG_ENABLE_OBJC_WEAK = YES;
				CLANG_WARN_BLOCK_CAPTURE_AUTORELEASING = YES;
				CLANG_WARN_BOOL_CONVERSION = YES;
				CLANG_WARN_COMMA = YES;
				CLANG_WARN_CONSTANT_CONVERSION = YES;
				CLANG_WARN_DEPRECATED_OBJC_IMPLEMENTATIONS = YES;
				CLANG_WARN_DIRECT_OBJC_ISA_USAGE = YES_ERROR;
				CLANG_WARN_DOCUMENTATION_COMMENTS = YES;
				CLANG_WARN_EMPTY_BODY = YES;
				CLANG_WARN_ENUM_CONVERSION = YES;
				CLANG_WARN_INFINITE_RECURSION = YES;
				CLANG_WARN_INT_CONVERSION = YES;
				CLANG_WARN_NON_LITERAL_NULL_CONVERSION = YES;
				CLANG_WARN_OBJC_IMPLICIT_RETAIN_SELF = YES;
				CLANG_WARN_OBJC_LITERAL_CONVERSION = YES;
				CLANG_WARN_OBJC_ROOT_CLASS = YES_ERROR;
				CLANG_WARN_QUOTED_INCLUDE_IN_FRAMEWORK_HEADER = YES;
				CLANG_WARN_RANGE_LOOP_ANALYSIS = YES;
				CLANG_WARN_STRICT_PROTOTYPES = YES;
				CLANG_WARN_SUSPICIOUS_MOVE = YES;
				CLANG_WARN_UNGUARDED_AVAILABILITY = YES_AGGRESSIVE;
				CLANG_WARN_UNREACHABLE_CODE = YES;
				CLANG_WARN__DUPLICATE_METHOD_MATCH = YES;
				COPY_PHASE_STRIP = NO;
				DEBUG_INFORMATION_FORMAT = "dwarf-with-dsym";
				ENABLE_NS_ASSERTIONS = NO;
				ENABLE_STRICT_OBJC_MSGSEND = YES;
				GCC_C_LANGUAGE_STANDARD = gnu11;
				GCC_NO_COMMON_BLOCKS = YES;
				GCC_WARN_64_TO_32_BIT_CONVERSION = YES;
				GCC_WARN_ABOUT_RETURN_TYPE = YES_ERROR;
				GCC_WARN_UNDECLARED_SELECTOR = YES;
				GCC_WARN_UNINITIALIZED_AUTOS = YES_AGGRESSIVE;
				GCC_WARN_UNUSED_FUNCTION = YES;
				GCC_WARN_UNUSED_VARIABLE = YES;
				MTL_ENABLE_DEBUG_INFO = NO;
				MTL_FAST_MATH = YES;
				SWIFT_COMPILATION_MODE = wholemodule;
				SWIFT_OPTIMIZATION_LEVEL = "-O";
			};
			name = Release;
		};
		694F870827F3C84E00B1A382 /* Debug */ = {
			isa = XCBuildConfiguration;
			buildSettings = {
				ASSETCATALOG_COMPILER_APPICON_NAME = AppIcon;
				ASSETCATALOG_COMPILER_GLOBAL_ACCENT_COLOR_NAME = AccentColor;
				CODE_SIGN_STYLE = Automatic;
				CURRENT_PROJECT_VERSION = 1;
				ENABLE_PREVIEWS = YES;
				GENERATE_INFOPLIST_FILE = YES;
				INFOPLIST_KEY_UIApplicationSceneManifest_Generation = YES;
				INFOPLIST_KEY_UIApplicationSupportsIndirectInputEvents = YES;
				INFOPLIST_KEY_UILaunchScreen_Generation = YES;
				INFOPLIST_KEY_UISupportedInterfaceOrientations_iPad = "UIInterfaceOrientationPortrait UIInterfaceOrientationPortraitUpsideDown UIInterfaceOrientationLandscapeLeft UIInterfaceOrientationLandscapeRight";
				INFOPLIST_KEY_UISupportedInterfaceOrientations_iPhone = "UIInterfaceOrientationPortrait UIInterfaceOrientationLandscapeLeft UIInterfaceOrientationLandscapeRight";
				IPHONEOS_DEPLOYMENT_TARGET = 15.4;
				LD_RUNPATH_SEARCH_PATHS = (
					"$(inherited)",
					"@executable_path/Frameworks",
				);
				MARKETING_VERSION = 1.0;
				PRODUCT_BUNDLE_IDENTIFIER = shanegillio.SampleApp;
				PRODUCT_NAME = SampleApp;
				SDKROOT = iphoneos;
				SWIFT_EMIT_LOC_STRINGS = YES;
				SWIFT_VERSION = 5.0;
				TARGETED_DEVICE_FAMILY = "1,2";
			};
			name = Debug;
		};
		694F870927F3C84E00B1A382 /* Release */ = {
			isa = XCBuildConfiguration;
			buildSettings = {
				ASSETCATALOG_COMPILER_APPICON_NAME = AppIcon;
				ASSETCATALOG_COMPILER_GLOBAL_ACCENT_COLOR_NAME = AccentColor;
				CODE_SIGN_STYLE = Automatic;
				CURRENT_PROJECT_VERSION = 1;
				ENABLE_PREVIEWS = YES;
				GENERATE_INFOPLIST_FILE = YES;
				INFOPLIST_KEY_UIApplicationSceneManifest_Generation = YES;
				INFOPLIST_KEY_UIApplicationSupportsIndirectInputEvents = YES;
				INFOPLIST_KEY_UILaunchScreen_Generation = YES;
				INFOPLIST_KEY_UISupportedInterfaceOrientations_iPad = "UIInterfaceOrientationPortrait UIInterfaceOrientationPortraitUpsideDown UIInterfaceOrientationLandscapeLeft UIInterfaceOrientationLandscapeRight";
				INFOPLIST_KEY_UISupportedInterfaceOrientations_iPhone = "UIInterfaceOrientationPortrait UIInterfaceOrientationLandscapeLeft UIInterfaceOrientationLandscapeRight";
				IPHONEOS_DEPLOYMENT_TARGET = 15.4;
				LD_RUNPATH_SEARCH_PATHS = (
					"$(inherited)",
					"@executable_path/Frameworks",
				);
				MARKETING_VERSION = 1.0;
				PRODUCT_BUNDLE_IDENTIFIER = shanegillio.SampleApp;
				PRODUCT_NAME = SampleApp;
				SDKROOT = iphoneos;
				SWIFT_EMIT_LOC_STRINGS = YES;
				SWIFT_VERSION = 5.0;
				TARGETED_DEVICE_FAMILY = "1,2";
				VALIDATE_PRODUCT = YES;
			};
			name = Release;
		};
		694F870B27F3C84E00B1A382 /* Debug */ = {
			isa = XCBuildConfiguration;
			buildSettings = {
				ASSETCATALOG_COMPILER_APPICON_NAME = AppIcon;
				ASSETCATALOG_COMPILER_GLOBAL_ACCENT_COLOR_NAME = AccentColor;
				CODE_SIGN_ENTITLEMENTS = macOS/macOS.entitlements;
				CODE_SIGN_STYLE = Automatic;
				COMBINE_HIDPI_IMAGES = YES;
				CURRENT_PROJECT_VERSION = 1;
				ENABLE_PREVIEWS = YES;
				GENERATE_INFOPLIST_FILE = YES;
				INFOPLIST_KEY_NSHumanReadableCopyright = "";
				LD_RUNPATH_SEARCH_PATHS = (
					"$(inherited)",
					"@executable_path/../Frameworks",
				);
				MACOSX_DEPLOYMENT_TARGET = 12.3;
				MARKETING_VERSION = 1.0;
				PRODUCT_BUNDLE_IDENTIFIER = shanegillio.SampleApp;
				PRODUCT_NAME = SampleApp;
				SDKROOT = macosx;
				SWIFT_EMIT_LOC_STRINGS = YES;
				SWIFT_VERSION = 5.0;
			};
			name = Debug;
		};
		694F870C27F3C84E00B1A382 /* Release */ = {
			isa = XCBuildConfiguration;
			buildSettings = {
				ASSETCATALOG_COMPILER_APPICON_NAME = AppIcon;
				ASSETCATALOG_COMPILER_GLOBAL_ACCENT_COLOR_NAME = AccentColor;
				CODE_SIGN_ENTITLEMENTS = macOS/macOS.entitlements;
				CODE_SIGN_STYLE = Automatic;
				COMBINE_HIDPI_IMAGES = YES;
				CURRENT_PROJECT_VERSION = 1;
				ENABLE_PREVIEWS = YES;
				GENERATE_INFOPLIST_FILE = YES;
				INFOPLIST_KEY_NSHumanReadableCopyright = "";
				LD_RUNPATH_SEARCH_PATHS = (
					"$(inherited)",
					"@executable_path/../Frameworks",
				);
				MACOSX_DEPLOYMENT_TARGET = 12.3;
				MARKETING_VERSION = 1.0;
				PRODUCT_BUNDLE_IDENTIFIER = shanegillio.SampleApp;
				PRODUCT_NAME = SampleApp;
				SDKROOT = macosx;
				SWIFT_EMIT_LOC_STRINGS = YES;
				SWIFT_VERSION = 5.0;
			};
			name = Release;
		};
		694F870E27F3C84E00B1A382 /* Debug */ = {
			isa = XCBuildConfiguration;
			buildSettings = {
				ALWAYS_EMBED_SWIFT_STANDARD_LIBRARIES = YES;
				CODE_SIGN_STYLE = Automatic;
				CURRENT_PROJECT_VERSION = 1;
				GENERATE_INFOPLIST_FILE = YES;
				IPHONEOS_DEPLOYMENT_TARGET = 15.4;
				MARKETING_VERSION = 1.0;
				PRODUCT_BUNDLE_IDENTIFIER = "shanegillio.Tests-iOS";
				PRODUCT_NAME = "$(TARGET_NAME)";
				SDKROOT = iphoneos;
				SWIFT_EMIT_LOC_STRINGS = NO;
				SWIFT_VERSION = 5.0;
				TARGETED_DEVICE_FAMILY = "1,2";
				TEST_TARGET_NAME = "SampleApp (iOS)";
			};
			name = Debug;
		};
		694F870F27F3C84E00B1A382 /* Release */ = {
			isa = XCBuildConfiguration;
			buildSettings = {
				ALWAYS_EMBED_SWIFT_STANDARD_LIBRARIES = YES;
				CODE_SIGN_STYLE = Automatic;
				CURRENT_PROJECT_VERSION = 1;
				GENERATE_INFOPLIST_FILE = YES;
				IPHONEOS_DEPLOYMENT_TARGET = 15.4;
				MARKETING_VERSION = 1.0;
				PRODUCT_BUNDLE_IDENTIFIER = "shanegillio.Tests-iOS";
				PRODUCT_NAME = "$(TARGET_NAME)";
				SDKROOT = iphoneos;
				SWIFT_EMIT_LOC_STRINGS = NO;
				SWIFT_VERSION = 5.0;
				TARGETED_DEVICE_FAMILY = "1,2";
				TEST_TARGET_NAME = "SampleApp (iOS)";
				VALIDATE_PRODUCT = YES;
			};
			name = Release;
		};
		694F871127F3C84E00B1A382 /* Debug */ = {
			isa = XCBuildConfiguration;
			buildSettings = {
				ALWAYS_EMBED_SWIFT_STANDARD_LIBRARIES = YES;
				CODE_SIGN_STYLE = Automatic;
				CURRENT_PROJECT_VERSION = 1;
				GENERATE_INFOPLIST_FILE = YES;
				MACOSX_DEPLOYMENT_TARGET = 12.3;
				MARKETING_VERSION = 1.0;
				PRODUCT_BUNDLE_IDENTIFIER = "shanegillio.Tests-macOS";
				PRODUCT_NAME = "$(TARGET_NAME)";
				SDKROOT = macosx;
				SWIFT_EMIT_LOC_STRINGS = NO;
				SWIFT_VERSION = 5.0;
				TEST_TARGET_NAME = "SampleApp (macOS)";
			};
			name = Debug;
		};
		694F871227F3C84E00B1A382 /* Release */ = {
			isa = XCBuildConfiguration;
			buildSettings = {
				ALWAYS_EMBED_SWIFT_STANDARD_LIBRARIES = YES;
				CODE_SIGN_STYLE = Automatic;
				CURRENT_PROJECT_VERSION = 1;
				GENERATE_INFOPLIST_FILE = YES;
				MACOSX_DEPLOYMENT_TARGET = 12.3;
				MARKETING_VERSION = 1.0;
				PRODUCT_BUNDLE_IDENTIFIER = "shanegillio.Tests-macOS";
				PRODUCT_NAME = "$(TARGET_NAME)";
				SDKROOT = macosx;
				SWIFT_EMIT_LOC_STRINGS = NO;
				SWIFT_VERSION = 5.0;
				TEST_TARGET_NAME = "SampleApp (macOS)";
			};
			name = Release;
		};
/* End XCBuildConfiguration section */

/* Begin XCConfigurationList section */
		694F86D527F3C84D00B1A382 /* Build configuration list for PBXProject "SampleApp" */ = {
			isa = XCConfigurationList;
			buildConfigurations = (
				694F870527F3C84E00B1A382 /* Debug */,
				694F870627F3C84E00B1A382 /* Release */,
			);
			defaultConfigurationIsVisible = 0;
			defaultConfigurationName = Release;
		};
		694F870727F3C84E00B1A382 /* Build configuration list for PBXNativeTarget "SampleApp (iOS)" */ = {
			isa = XCConfigurationList;
			buildConfigurations = (
				694F870827F3C84E00B1A382 /* Debug */,
				694F870927F3C84E00B1A382 /* Release */,
			);
			defaultConfigurationIsVisible = 0;
			defaultConfigurationName = Release;
		};
		694F870A27F3C84E00B1A382 /* Build configuration list for PBXNativeTarget "SampleApp (macOS)" */ = {
			isa = XCConfigurationList;
			buildConfigurations = (
				694F870B27F3C84E00B1A382 /* Debug */,
				694F870C27F3C84E00B1A382 /* Release */,
			);
			defaultConfigurationIsVisible = 0;
			defaultConfigurationName = Release;
		};
		694F870D27F3C84E00B1A382 /* Build configuration list for PBXNativeTarget "Tests iOS" */ = {
			isa = XCConfigurationList;
			buildConfigurations = (
				694F870E27F3C84E00B1A382 /* Debug */,
				694F870F27F3C84E00B1A382 /* Release */,
			);
			defaultConfigurationIsVisible = 0;
			defaultConfigurationName = Release;
		};
		694F871027F3C84E00B1A382 /* Build configuration list for PBXNativeTarget "Tests macOS" */ = {
			isa = XCConfigurationList;
			buildConfigurations = (
				694F871127F3C84E00B1A382 /* Debug */,
				694F871227F3C84E00B1A382 /* Release */,
			);
			defaultConfigurationIsVisible = 0;
			defaultConfigurationName = Release;
		};
/* End XCConfigurationList section */
	};
	rootObject = 694F86D227F3C84D00B1A382 /* Project object */;
}
